// !$*UTF8*$!
{
	archiveVersion = 1;
	classes = {
	};
	objectVersion = 46;
	objects = {

/* Begin PBXBuildFile section */
		58B4F5C41E874BBF00ED62A4 /* AutorClientTest.swift in Sources */ = {isa = PBXBuildFile; fileRef = 58B4F5C31E874BBF00ED62A4 /* AutorClientTest.swift */; };
		58B4F5C51E874D1300ED62A4 /* SwiftyJSON.framework in Frameworks */ = {isa = PBXBuildFile; fileRef = 58CD11031E87413300D8E0C9 /* SwiftyJSON.framework */; };
		58B4F5C61E874D1300ED62A4 /* SwiftyJSON.framework in Embed Frameworks */ = {isa = PBXBuildFile; fileRef = 58CD11031E87413300D8E0C9 /* SwiftyJSON.framework */; settings = {ATTRIBUTES = (CodeSignOnCopy, RemoveHeadersOnCopy, ); }; };
		58B4F5C71E874D1300ED62A4 /* Alamofire.framework in Frameworks */ = {isa = PBXBuildFile; fileRef = 58CD10FD1E873F5E00D8E0C9 /* Alamofire.framework */; };
		58B4F5C81E874D1300ED62A4 /* Alamofire.framework in Embed Frameworks */ = {isa = PBXBuildFile; fileRef = 58CD10FD1E873F5E00D8E0C9 /* Alamofire.framework */; settings = {ATTRIBUTES = (CodeSignOnCopy, RemoveHeadersOnCopy, ); }; };
		58B4F5C91E874D1300ED62A4 /* AlamofireObjectMapper.framework in Frameworks */ = {isa = PBXBuildFile; fileRef = 58CD10FE1E873F5E00D8E0C9 /* AlamofireObjectMapper.framework */; };
		58B4F5CA1E874D1300ED62A4 /* AlamofireObjectMapper.framework in Embed Frameworks */ = {isa = PBXBuildFile; fileRef = 58CD10FE1E873F5E00D8E0C9 /* AlamofireObjectMapper.framework */; settings = {ATTRIBUTES = (CodeSignOnCopy, RemoveHeadersOnCopy, ); }; };
		58B4F5CB1E874D1300ED62A4 /* ObjectMapper.framework in Frameworks */ = {isa = PBXBuildFile; fileRef = 58CD10FF1E873F5E00D8E0C9 /* ObjectMapper.framework */; };
		58B4F5CC1E874D1300ED62A4 /* ObjectMapper.framework in Embed Frameworks */ = {isa = PBXBuildFile; fileRef = 58CD10FF1E873F5E00D8E0C9 /* ObjectMapper.framework */; settings = {ATTRIBUTES = (CodeSignOnCopy, RemoveHeadersOnCopy, ); }; };
		58B4F5CF1E8751BE00ED62A4 /* Autores.swift in Sources */ = {isa = PBXBuildFile; fileRef = 58B4F5CE1E8751BE00ED62A4 /* Autores.swift */; };
		58B4F5D11E87547B00ED62A4 /* Livro.swift in Sources */ = {isa = PBXBuildFile; fileRef = 58B4F5D01E87547B00ED62A4 /* Livro.swift */; };
		58B4F5D31E87551400ED62A4 /* LivroClient.swift in Sources */ = {isa = PBXBuildFile; fileRef = 58B4F5D21E87551400ED62A4 /* LivroClient.swift */; };
		58B4F5D71E8758AB00ED62A4 /* LivroClientTest.swift in Sources */ = {isa = PBXBuildFile; fileRef = 58B4F5D61E8758AB00ED62A4 /* LivroClientTest.swift */; };
		58CD10E81E87379B00D8E0C9 /* AppDelegate.swift in Sources */ = {isa = PBXBuildFile; fileRef = 58CD10E71E87379B00D8E0C9 /* AppDelegate.swift */; };
		58CD10ED1E87379B00D8E0C9 /* Main.storyboard in Resources */ = {isa = PBXBuildFile; fileRef = 58CD10EB1E87379B00D8E0C9 /* Main.storyboard */; };
		58CD10EF1E87379B00D8E0C9 /* Assets.xcassets in Resources */ = {isa = PBXBuildFile; fileRef = 58CD10EE1E87379B00D8E0C9 /* Assets.xcassets */; };
		58CD10F21E87379B00D8E0C9 /* LaunchScreen.storyboard in Resources */ = {isa = PBXBuildFile; fileRef = 58CD10F01E87379B00D8E0C9 /* LaunchScreen.storyboard */; };
		58CD10FA1E8738BA00D8E0C9 /* Cartfile in Resources */ = {isa = PBXBuildFile; fileRef = 58CD10F91E8738BA00D8E0C9 /* Cartfile */; };
		58CD111C1E87434300D8E0C9 /* Autor.swift in Sources */ = {isa = PBXBuildFile; fileRef = 58CD111B1E87434300D8E0C9 /* Autor.swift */; };
		58CD11201E87459F00D8E0C9 /* AutorClient.swift in Sources */ = {isa = PBXBuildFile; fileRef = 58CD111F1E87459F00D8E0C9 /* AutorClient.swift */; };
/* End PBXBuildFile section */

/* Begin PBXContainerItemProxy section */
		58CD11141E8741E800D8E0C9 /* PBXContainerItemProxy */ = {
			isa = PBXContainerItemProxy;
			containerPortal = 58CD10DC1E87379A00D8E0C9 /* Project object */;
			proxyType = 1;
			remoteGlobalIDString = 58CD10E31E87379A00D8E0C9;
			remoteInfo = "ip67-Livraria";
		};
/* End PBXContainerItemProxy section */

/* Begin PBXCopyFilesBuildPhase section */
		58B4F5CD1E874D1300ED62A4 /* Embed Frameworks */ = {
			isa = PBXCopyFilesBuildPhase;
			buildActionMask = 2147483647;
			dstPath = "";
			dstSubfolderSpec = 10;
			files = (
				58B4F5C61E874D1300ED62A4 /* SwiftyJSON.framework in Embed Frameworks */,
				58B4F5CA1E874D1300ED62A4 /* AlamofireObjectMapper.framework in Embed Frameworks */,
				58B4F5CC1E874D1300ED62A4 /* ObjectMapper.framework in Embed Frameworks */,
				58B4F5C81E874D1300ED62A4 /* Alamofire.framework in Embed Frameworks */,
			);
			name = "Embed Frameworks";
			runOnlyForDeploymentPostprocessing = 0;
		};
/* End PBXCopyFilesBuildPhase section */

/* Begin PBXFileReference section */
		58B4F5C31E874BBF00ED62A4 /* AutorClientTest.swift */ = {isa = PBXFileReference; fileEncoding = 4; lastKnownFileType = sourcecode.swift; path = AutorClientTest.swift; sourceTree = "<group>"; };
		58B4F5CE1E8751BE00ED62A4 /* Autores.swift */ = {isa = PBXFileReference; fileEncoding = 4; lastKnownFileType = sourcecode.swift; name = Autores.swift; path = model/Autores.swift; sourceTree = "<group>"; };
		58B4F5D01E87547B00ED62A4 /* Livro.swift */ = {isa = PBXFileReference; fileEncoding = 4; lastKnownFileType = sourcecode.swift; name = Livro.swift; path = model/Livro.swift; sourceTree = "<group>"; };
		58B4F5D21E87551400ED62A4 /* LivroClient.swift */ = {isa = PBXFileReference; fileEncoding = 4; lastKnownFileType = sourcecode.swift; name = LivroClient.swift; path = rest/LivroClient.swift; sourceTree = "<group>"; };
		58B4F5D61E8758AB00ED62A4 /* LivroClientTest.swift */ = {isa = PBXFileReference; fileEncoding = 4; lastKnownFileType = sourcecode.swift; path = LivroClientTest.swift; sourceTree = "<group>"; };
		58CD10E41E87379B00D8E0C9 /* ip67-Livraria.app */ = {isa = PBXFileReference; explicitFileType = wrapper.application; includeInIndex = 0; path = "ip67-Livraria.app"; sourceTree = BUILT_PRODUCTS_DIR; };
		58CD10E71E87379B00D8E0C9 /* AppDelegate.swift */ = {isa = PBXFileReference; lastKnownFileType = sourcecode.swift; path = AppDelegate.swift; sourceTree = "<group>"; };
		58CD10EC1E87379B00D8E0C9 /* Base */ = {isa = PBXFileReference; lastKnownFileType = file.storyboard; name = Base; path = Base.lproj/Main.storyboard; sourceTree = "<group>"; };
		58CD10EE1E87379B00D8E0C9 /* Assets.xcassets */ = {isa = PBXFileReference; lastKnownFileType = folder.assetcatalog; path = Assets.xcassets; sourceTree = "<group>"; };
		58CD10F11E87379B00D8E0C9 /* Base */ = {isa = PBXFileReference; lastKnownFileType = file.storyboard; name = Base; path = Base.lproj/LaunchScreen.storyboard; sourceTree = "<group>"; };
		58CD10F31E87379B00D8E0C9 /* Info.plist */ = {isa = PBXFileReference; lastKnownFileType = text.plist.xml; path = Info.plist; sourceTree = "<group>"; };
		58CD10F91E8738BA00D8E0C9 /* Cartfile */ = {isa = PBXFileReference; fileEncoding = 4; lastKnownFileType = text; path = Cartfile; sourceTree = "<group>"; };
		58CD10FD1E873F5E00D8E0C9 /* Alamofire.framework */ = {isa = PBXFileReference; lastKnownFileType = wrapper.framework; name = Alamofire.framework; path = Carthage/Build/iOS/Alamofire.framework; sourceTree = "<group>"; };
		58CD10FE1E873F5E00D8E0C9 /* AlamofireObjectMapper.framework */ = {isa = PBXFileReference; lastKnownFileType = wrapper.framework; name = AlamofireObjectMapper.framework; path = Carthage/Build/iOS/AlamofireObjectMapper.framework; sourceTree = "<group>"; };
		58CD10FF1E873F5E00D8E0C9 /* ObjectMapper.framework */ = {isa = PBXFileReference; lastKnownFileType = wrapper.framework; name = ObjectMapper.framework; path = Carthage/Build/iOS/ObjectMapper.framework; sourceTree = "<group>"; };
		58CD11031E87413300D8E0C9 /* SwiftyJSON.framework */ = {isa = PBXFileReference; lastKnownFileType = wrapper.framework; name = SwiftyJSON.framework; path = Carthage/Build/iOS/SwiftyJSON.framework; sourceTree = "<group>"; };
		58CD110F1E8741E800D8E0C9 /* ip67-LivrariaTests.xctest */ = {isa = PBXFileReference; explicitFileType = wrapper.cfbundle; includeInIndex = 0; path = "ip67-LivrariaTests.xctest"; sourceTree = BUILT_PRODUCTS_DIR; };
		58CD11131E8741E800D8E0C9 /* Info.plist */ = {isa = PBXFileReference; lastKnownFileType = text.plist.xml; path = Info.plist; sourceTree = "<group>"; };
		58CD111B1E87434300D8E0C9 /* Autor.swift */ = {isa = PBXFileReference; fileEncoding = 4; lastKnownFileType = sourcecode.swift; name = Autor.swift; path = model/Autor.swift; sourceTree = "<group>"; };
		58CD111F1E87459F00D8E0C9 /* AutorClient.swift */ = {isa = PBXFileReference; fileEncoding = 4; lastKnownFileType = sourcecode.swift; name = AutorClient.swift; path = rest/AutorClient.swift; sourceTree = "<group>"; };
/* End PBXFileReference section */

/* Begin PBXFrameworksBuildPhase section */
		58CD10E11E87379A00D8E0C9 /* Frameworks */ = {
			isa = PBXFrameworksBuildPhase;
			buildActionMask = 2147483647;
			files = (
				58B4F5C51E874D1300ED62A4 /* SwiftyJSON.framework in Frameworks */,
				58B4F5C91E874D1300ED62A4 /* AlamofireObjectMapper.framework in Frameworks */,
				58B4F5CB1E874D1300ED62A4 /* ObjectMapper.framework in Frameworks */,
				58B4F5C71E874D1300ED62A4 /* Alamofire.framework in Frameworks */,
			);
			runOnlyForDeploymentPostprocessing = 0;
		};
		58CD110C1E8741E800D8E0C9 /* Frameworks */ = {
			isa = PBXFrameworksBuildPhase;
			buildActionMask = 2147483647;
			files = (
			);
			runOnlyForDeploymentPostprocessing = 0;
		};
/* End PBXFrameworksBuildPhase section */

/* Begin PBXGroup section */
		58CD10DB1E87379A00D8E0C9 = {
			isa = PBXGroup;
			children = (
				58CD10F91E8738BA00D8E0C9 /* Cartfile */,
				58CD10E61E87379B00D8E0C9 /* ip67-Livraria */,
				58CD11101E8741E800D8E0C9 /* ip67-LivrariaTests */,
				58CD10E51E87379B00D8E0C9 /* Products */,
				58CD10FC1E873F5E00D8E0C9 /* Frameworks */,
			);
			sourceTree = "<group>";
		};
		58CD10E51E87379B00D8E0C9 /* Products */ = {
			isa = PBXGroup;
			children = (
				58CD10E41E87379B00D8E0C9 /* ip67-Livraria.app */,
				58CD110F1E8741E800D8E0C9 /* ip67-LivrariaTests.xctest */,
			);
			name = Products;
			sourceTree = "<group>";
		};
		58CD10E61E87379B00D8E0C9 /* ip67-Livraria */ = {
			isa = PBXGroup;
			children = (
				58CD111E1E87458900D8E0C9 /* rest */,
				58CD111D1E87457B00D8E0C9 /* model */,
				58CD10E71E87379B00D8E0C9 /* AppDelegate.swift */,
				58CD10EB1E87379B00D8E0C9 /* Main.storyboard */,
				58CD10EE1E87379B00D8E0C9 /* Assets.xcassets */,
				58CD10F01E87379B00D8E0C9 /* LaunchScreen.storyboard */,
				58CD10F31E87379B00D8E0C9 /* Info.plist */,
			);
			path = "ip67-Livraria";
			sourceTree = "<group>";
		};
		58CD10FC1E873F5E00D8E0C9 /* Frameworks */ = {
			isa = PBXGroup;
			children = (
				58CD11031E87413300D8E0C9 /* SwiftyJSON.framework */,
				58CD10FD1E873F5E00D8E0C9 /* Alamofire.framework */,
				58CD10FE1E873F5E00D8E0C9 /* AlamofireObjectMapper.framework */,
				58CD10FF1E873F5E00D8E0C9 /* ObjectMapper.framework */,
			);
			name = Frameworks;
			sourceTree = "<group>";
		};
		58CD11101E8741E800D8E0C9 /* ip67-LivrariaTests */ = {
			isa = PBXGroup;
			children = (
				58B4F5D61E8758AB00ED62A4 /* LivroClientTest.swift */,
				58B4F5C31E874BBF00ED62A4 /* AutorClientTest.swift */,
				58CD11131E8741E800D8E0C9 /* Info.plist */,
			);
			path = "ip67-LivrariaTests";
			sourceTree = "<group>";
		};
		58CD111D1E87457B00D8E0C9 /* model */ = {
			isa = PBXGroup;
			children = (
				58CD111B1E87434300D8E0C9 /* Autor.swift */,
				58B4F5CE1E8751BE00ED62A4 /* Autores.swift */,
				58B4F5D01E87547B00ED62A4 /* Livro.swift */,
			);
			name = model;
			sourceTree = "<group>";
		};
		58CD111E1E87458900D8E0C9 /* rest */ = {
			isa = PBXGroup;
			children = (
				58CD111F1E87459F00D8E0C9 /* AutorClient.swift */,
				58B4F5D21E87551400ED62A4 /* LivroClient.swift */,
			);
			name = rest;
			sourceTree = "<group>";
		};
/* End PBXGroup section */

/* Begin PBXNativeTarget section */
		58CD10E31E87379A00D8E0C9 /* ip67-Livraria */ = {
			isa = PBXNativeTarget;
			buildConfigurationList = 58CD10F61E87379B00D8E0C9 /* Build configuration list for PBXNativeTarget "ip67-Livraria" */;
			buildPhases = (
				58CD10E01E87379A00D8E0C9 /* Sources */,
				58CD10E11E87379A00D8E0C9 /* Frameworks */,
				58CD10E21E87379A00D8E0C9 /* Resources */,
				58B4F5CD1E874D1300ED62A4 /* Embed Frameworks */,
			);
			buildRules = (
			);
			dependencies = (
			);
			name = "ip67-Livraria";
			productName = "ip67-Livraria";
			productReference = 58CD10E41E87379B00D8E0C9 /* ip67-Livraria.app */;
			productType = "com.apple.product-type.application";
		};
		58CD110E1E8741E800D8E0C9 /* ip67-LivrariaTests */ = {
			isa = PBXNativeTarget;
			buildConfigurationList = 58CD11161E8741E800D8E0C9 /* Build configuration list for PBXNativeTarget "ip67-LivrariaTests" */;
			buildPhases = (
				58CD110B1E8741E800D8E0C9 /* Sources */,
				58CD110C1E8741E800D8E0C9 /* Frameworks */,
				58CD110D1E8741E800D8E0C9 /* Resources */,
			);
			buildRules = (
			);
			dependencies = (
				58CD11151E8741E800D8E0C9 /* PBXTargetDependency */,
			);
			name = "ip67-LivrariaTests";
			productName = "ip67-LivrariaTests";
			productReference = 58CD110F1E8741E800D8E0C9 /* ip67-LivrariaTests.xctest */;
			productType = "com.apple.product-type.bundle.unit-test";
		};
/* End PBXNativeTarget section */

/* Begin PBXProject section */
		58CD10DC1E87379A00D8E0C9 /* Project object */ = {
			isa = PBXProject;
			attributes = {
				LastSwiftUpdateCheck = 0820;
				LastUpgradeCheck = 0820;
				ORGANIZATIONNAME = Nando;
				TargetAttributes = {
					58CD10E31E87379A00D8E0C9 = {
						CreatedOnToolsVersion = 8.2.1;
						DevelopmentTeam = K7WGQE7296;
						ProvisioningStyle = Automatic;
					};
					58CD110E1E8741E800D8E0C9 = {
						CreatedOnToolsVersion = 8.2.1;
						DevelopmentTeam = K7WGQE7296;
						ProvisioningStyle = Automatic;
						TestTargetID = 58CD10E31E87379A00D8E0C9;
					};
				};
			};
			buildConfigurationList = 58CD10DF1E87379A00D8E0C9 /* Build configuration list for PBXProject "ip67-Livraria" */;
			compatibilityVersion = "Xcode 3.2";
			developmentRegion = English;
			hasScannedForEncodings = 0;
			knownRegions = (
				en,
				Base,
			);
			mainGroup = 58CD10DB1E87379A00D8E0C9;
			productRefGroup = 58CD10E51E87379B00D8E0C9 /* Products */;
			projectDirPath = "";
			projectRoot = "";
			targets = (
				58CD10E31E87379A00D8E0C9 /* ip67-Livraria */,
				58CD110E1E8741E800D8E0C9 /* ip67-LivrariaTests */,
			);
		};
/* End PBXProject section */

/* Begin PBXResourcesBuildPhase section */
		58CD10E21E87379A00D8E0C9 /* Resources */ = {
			isa = PBXResourcesBuildPhase;
			buildActionMask = 2147483647;
			files = (
				58CD10F21E87379B00D8E0C9 /* LaunchScreen.storyboard in Resources */,
				58CD10EF1E87379B00D8E0C9 /* Assets.xcassets in Resources */,
				58CD10ED1E87379B00D8E0C9 /* Main.storyboard in Resources */,
				58CD10FA1E8738BA00D8E0C9 /* Cartfile in Resources */,
			);
			runOnlyForDeploymentPostprocessing = 0;
		};
		58CD110D1E8741E800D8E0C9 /* Resources */ = {
			isa = PBXResourcesBuildPhase;
			buildActionMask = 2147483647;
			files = (
			);
			runOnlyForDeploymentPostprocessing = 0;
		};
/* End PBXResourcesBuildPhase section */

/* Begin PBXSourcesBuildPhase section */
		58CD10E01E87379A00D8E0C9 /* Sources */ = {
			isa = PBXSourcesBuildPhase;
			buildActionMask = 2147483647;
			files = (
				58CD11201E87459F00D8E0C9 /* AutorClient.swift in Sources */,
				58CD10E81E87379B00D8E0C9 /* AppDelegate.swift in Sources */,
				58CD111C1E87434300D8E0C9 /* Autor.swift in Sources */,
				58B4F5D31E87551400ED62A4 /* LivroClient.swift in Sources */,
				58B4F5CF1E8751BE00ED62A4 /* Autores.swift in Sources */,
				58B4F5D11E87547B00ED62A4 /* Livro.swift in Sources */,
			);
			runOnlyForDeploymentPostprocessing = 0;
		};
		58CD110B1E8741E800D8E0C9 /* Sources */ = {
			isa = PBXSourcesBuildPhase;
			buildActionMask = 2147483647;
			files = (
				58B4F5C41E874BBF00ED62A4 /* AutorClientTest.swift in Sources */,
				58B4F5D71E8758AB00ED62A4 /* LivroClientTest.swift in Sources */,
			);
			runOnlyForDeploymentPostprocessing = 0;
		};
/* End PBXSourcesBuildPhase section */

/* Begin PBXTargetDependency section */
		58CD11151E8741E800D8E0C9 /* PBXTargetDependency */ = {
			isa = PBXTargetDependency;
			target = 58CD10E31E87379A00D8E0C9 /* ip67-Livraria */;
			targetProxy = 58CD11141E8741E800D8E0C9 /* PBXContainerItemProxy */;
		};
/* End PBXTargetDependency section */

/* Begin PBXVariantGroup section */
		58CD10EB1E87379B00D8E0C9 /* Main.storyboard */ = {
			isa = PBXVariantGroup;
			children = (
				58CD10EC1E87379B00D8E0C9 /* Base */,
			);
			name = Main.storyboard;
			sourceTree = "<group>";
		};
		58CD10F01E87379B00D8E0C9 /* LaunchScreen.storyboard */ = {
			isa = PBXVariantGroup;
			children = (
				58CD10F11E87379B00D8E0C9 /* Base */,
			);
			name = LaunchScreen.storyboard;
			sourceTree = "<group>";
		};
/* End PBXVariantGroup section */

/* Begin XCBuildConfiguration section */
		58CD10F41E87379B00D8E0C9 /* Debug */ = {
			isa = XCBuildConfiguration;
			buildSettings = {
				ALWAYS_SEARCH_USER_PATHS = NO;
				CLANG_ANALYZER_NONNULL = YES;
				CLANG_CXX_LANGUAGE_STANDARD = "gnu++0x";
				CLANG_CXX_LIBRARY = "libc++";
				CLANG_ENABLE_MODULES = YES;
				CLANG_ENABLE_OBJC_ARC = YES;
				CLANG_WARN_BOOL_CONVERSION = YES;
				CLANG_WARN_CONSTANT_CONVERSION = YES;
				CLANG_WARN_DIRECT_OBJC_ISA_USAGE = YES_ERROR;
				CLANG_WARN_DOCUMENTATION_COMMENTS = YES;
				CLANG_WARN_EMPTY_BODY = YES;
				CLANG_WARN_ENUM_CONVERSION = YES;
				CLANG_WARN_INFINITE_RECURSION = YES;
				CLANG_WARN_INT_CONVERSION = YES;
				CLANG_WARN_OBJC_ROOT_CLASS = YES_ERROR;
				CLANG_WARN_SUSPICIOUS_MOVE = YES;
				CLANG_WARN_UNREACHABLE_CODE = YES;
				CLANG_WARN__DUPLICATE_METHOD_MATCH = YES;
				"CODE_SIGN_IDENTITY[sdk=iphoneos*]" = "iPhone Developer";
				COPY_PHASE_STRIP = NO;
				DEBUG_INFORMATION_FORMAT = dwarf;
				ENABLE_STRICT_OBJC_MSGSEND = YES;
				ENABLE_TESTABILITY = YES;
				GCC_C_LANGUAGE_STANDARD = gnu99;
				GCC_DYNAMIC_NO_PIC = NO;
				GCC_NO_COMMON_BLOCKS = YES;
				GCC_OPTIMIZATION_LEVEL = 0;
				GCC_PREPROCESSOR_DEFINITIONS = (
					"DEBUG=1",
					"$(inherited)",
				);
				GCC_WARN_64_TO_32_BIT_CONVERSION = YES;
				GCC_WARN_ABOUT_RETURN_TYPE = YES_ERROR;
				GCC_WARN_UNDECLARED_SELECTOR = YES;
				GCC_WARN_UNINITIALIZED_AUTOS = YES_AGGRESSIVE;
				GCC_WARN_UNUSED_FUNCTION = YES;
				GCC_WARN_UNUSED_VARIABLE = YES;
				IPHONEOS_DEPLOYMENT_TARGET = 10.2;
				MTL_ENABLE_DEBUG_INFO = YES;
				ONLY_ACTIVE_ARCH = YES;
				SDKROOT = iphoneos;
				SWIFT_ACTIVE_COMPILATION_CONDITIONS = DEBUG;
				SWIFT_OPTIMIZATION_LEVEL = "-Onone";
				TARGETED_DEVICE_FAMILY = "1,2";
			};
			name = Debug;
		};
		58CD10F51E87379B00D8E0C9 /* Release */ = {
			isa = XCBuildConfiguration;
			buildSettings = {
				ALWAYS_SEARCH_USER_PATHS = NO;
				CLANG_ANALYZER_NONNULL = YES;
				CLANG_CXX_LANGUAGE_STANDARD = "gnu++0x";
				CLANG_CXX_LIBRARY = "libc++";
				CLANG_ENABLE_MODULES = YES;
				CLANG_ENABLE_OBJC_ARC = YES;
				CLANG_WARN_BOOL_CONVERSION = YES;
				CLANG_WARN_CONSTANT_CONVERSION = YES;
				CLANG_WARN_DIRECT_OBJC_ISA_USAGE = YES_ERROR;
				CLANG_WARN_DOCUMENTATION_COMMENTS = YES;
				CLANG_WARN_EMPTY_BODY = YES;
				CLANG_WARN_ENUM_CONVERSION = YES;
				CLANG_WARN_INFINITE_RECURSION = YES;
				CLANG_WARN_INT_CONVERSION = YES;
				CLANG_WARN_OBJC_ROOT_CLASS = YES_ERROR;
				CLANG_WARN_SUSPICIOUS_MOVE = YES;
				CLANG_WARN_UNREACHABLE_CODE = YES;
				CLANG_WARN__DUPLICATE_METHOD_MATCH = YES;
				"CODE_SIGN_IDENTITY[sdk=iphoneos*]" = "iPhone Developer";
				COPY_PHASE_STRIP = NO;
				DEBUG_INFORMATION_FORMAT = "dwarf-with-dsym";
				ENABLE_NS_ASSERTIONS = NO;
				ENABLE_STRICT_OBJC_MSGSEND = YES;
				GCC_C_LANGUAGE_STANDARD = gnu99;
				GCC_NO_COMMON_BLOCKS = YES;
				GCC_WARN_64_TO_32_BIT_CONVERSION = YES;
				GCC_WARN_ABOUT_RETURN_TYPE = YES_ERROR;
				GCC_WARN_UNDECLARED_SELECTOR = YES;
				GCC_WARN_UNINITIALIZED_AUTOS = YES_AGGRESSIVE;
				GCC_WARN_UNUSED_FUNCTION = YES;
				GCC_WARN_UNUSED_VARIABLE = YES;
				IPHONEOS_DEPLOYMENT_TARGET = 10.2;
				MTL_ENABLE_DEBUG_INFO = NO;
				SDKROOT = iphoneos;
				SWIFT_OPTIMIZATION_LEVEL = "-Owholemodule";
				TARGETED_DEVICE_FAMILY = "1,2";
				VALIDATE_PRODUCT = YES;
			};
			name = Release;
		};
		58CD10F71E87379B00D8E0C9 /* Debug */ = {
			isa = XCBuildConfiguration;
			buildSettings = {
				ASSETCATALOG_COMPILER_APPICON_NAME = AppIcon;
				DEVELOPMENT_TEAM = K7WGQE7296;
				FRAMEWORK_SEARCH_PATHS = (
					"$(inherited)",
					"$(PROJECT_DIR)/Carthage/Build/iOS",
				);
				INFOPLIST_FILE = "ip67-Livraria/Info.plist";
				LD_RUNPATH_SEARCH_PATHS = "$(inherited) @executable_path/Frameworks";
				PRODUCT_BUNDLE_IDENTIFIER = "br.com.caelum.ip67-Livraria";
				PRODUCT_NAME = "$(TARGET_NAME)";
				SWIFT_VERSION = 3.0;
			};
			name = Debug;
		};
		58CD10F81E87379B00D8E0C9 /* Release */ = {
			isa = XCBuildConfiguration;
			buildSettings = {
				ASSETCATALOG_COMPILER_APPICON_NAME = AppIcon;
				DEVELOPMENT_TEAM = K7WGQE7296;
				FRAMEWORK_SEARCH_PATHS = (
					"$(inherited)",
					"$(PROJECT_DIR)/Carthage/Build/iOS",
				);
				INFOPLIST_FILE = "ip67-Livraria/Info.plist";
				LD_RUNPATH_SEARCH_PATHS = "$(inherited) @executable_path/Frameworks";
				PRODUCT_BUNDLE_IDENTIFIER = "br.com.caelum.ip67-Livraria";
				PRODUCT_NAME = "$(TARGET_NAME)";
				SWIFT_VERSION = 3.0;
			};
			name = Release;
		};
		58CD11171E8741E800D8E0C9 /* Debug */ = {
			isa = XCBuildConfiguration;
			buildSettings = {
				BUNDLE_LOADER = "$(TEST_HOST)";
				DEVELOPMENT_TEAM = K7WGQE7296;
				INFOPLIST_FILE = "ip67-LivrariaTests/Info.plist";
				LD_RUNPATH_SEARCH_PATHS = "$(inherited) @executable_path/Frameworks @loader_path/Frameworks";
				PRODUCT_BUNDLE_IDENTIFIER = "br.com.caelum.ip67-LivrariaTests";
				PRODUCT_NAME = "$(TARGET_NAME)";
				SWIFT_VERSION = 3.0;
				TEST_HOST = "$(BUILT_PRODUCTS_DIR)/ip67-Livraria.app/ip67-Livraria";
			};
			name = Debug;
		};
		58CD11181E8741E800D8E0C9 /* Release */ = {
			isa = XCBuildConfiguration;
			buildSettings = {
				BUNDLE_LOADER = "$(TEST_HOST)";
				DEVELOPMENT_TEAM = K7WGQE7296;
				INFOPLIST_FILE = "ip67-LivrariaTests/Info.plist";
				LD_RUNPATH_SEARCH_PATHS = "$(inherited) @executable_path/Frameworks @loader_path/Frameworks";
				PRODUCT_BUNDLE_IDENTIFIER = "br.com.caelum.ip67-LivrariaTests";
				PRODUCT_NAME = "$(TARGET_NAME)";
				SWIFT_VERSION = 3.0;
				TEST_HOST = "$(BUILT_PRODUCTS_DIR)/ip67-Livraria.app/ip67-Livraria";
			};
			name = Release;
		};
/* End XCBuildConfiguration section */

/* Begin XCConfigurationList section */
		58CD10DF1E87379A00D8E0C9 /* Build configuration list for PBXProject "ip67-Livraria" */ = {
			isa = XCConfigurationList;
			buildConfigurations = (
				58CD10F41E87379B00D8E0C9 /* Debug */,
				58CD10F51E87379B00D8E0C9 /* Release */,
			);
			defaultConfigurationIsVisible = 0;
			defaultConfigurationName = Release;
		};
		58CD10F61E87379B00D8E0C9 /* Build configuration list for PBXNativeTarget "ip67-Livraria" */ = {
			isa = XCConfigurationList;
			buildConfigurations = (
				58CD10F71E87379B00D8E0C9 /* Debug */,
				58CD10F81E87379B00D8E0C9 /* Release */,
			);
			defaultConfigurationIsVisible = 0;
			defaultConfigurationName = Release;
		};
		58CD11161E8741E800D8E0C9 /* Build configuration list for PBXNativeTarget "ip67-LivrariaTests" */ = {
			isa = XCConfigurationList;
			buildConfigurations = (
				58CD11171E8741E800D8E0C9 /* Debug */,
				58CD11181E8741E800D8E0C9 /* Release */,
			);
			defaultConfigurationIsVisible = 0;
			defaultConfigurationName = Release;
		};
/* End XCConfigurationList section */
	};
	rootObject = 58CD10DC1E87379A00D8E0C9 /* Project object */;
}
